{
  "name": "WD102-git-sample",
  "lockfileVersion": 3,
  "requires": true,
  "packages": {
    "": {
      "dependencies": {
        "upload-js": "^2.24.3"
      }
    },
    "node_modules/@upload-io/upload-api-client-upload-js": {
      "version": "2.18.0",
      "resolved": "https://registry.npmjs.org/@upload-io/upload-api-client-upload-js/-/upload-api-client-upload-js-2.18.0.tgz",
      "integrity": "sha512-yPwsRCecXSilYn4q5ZDD4fyI2PVyUcLimv2LQcfpV3hRyzc8t82NuWHYEYpRZa5K68zxw2RljDf30geT1vJN9g=="
    },
    "node_modules/progress-smoother": {
      "version": "1.7.0",
      "resolved": "https://registry.npmjs.org/progress-smoother/-/progress-smoother-1.7.0.tgz",
      "integrity": "sha512-ZIbSbPQ8SnEf5Sa0If9lfvn5URyrZfgTTh5DM+04j1GafiLIaWDWW+1AkYXzGl7JQvzAvCy5E1ZPOgx8XORyew=="
    },
    "node_modules/upload-js": {
      "version": "2.24.3",
      "resolved": "https://registry.npmjs.org/upload-js/-/upload-js-2.24.3.tgz",
      "integrity": "sha512-iiTowtr2uRw2coGXlqiN1ff/wfMPVMv2MqaZYqEYBSNGmxD1pLl9R9wU8BT/mK+Yn8fDx7utlPovXziS8PVaIA==",
      "dependencies": {
        "@upload-io/upload-api-client-upload-js": "^2.18.0",
        "progress-smoother": "^1.7.0"
      }
    }
  }
}
